# THIS IS AN AUTOGENERATED FILE. DO NOT EDIT THIS FILE DIRECTLY.
# yarn lockfile v1


"@tabler/icons@^3.35.0":
  version "3.35.0"
  resolved "https://registry.yarnpkg.com/@tabler/icons/-/icons-3.35.0.tgz#6f35247e41baba2a1b0f4dff048bb1335d6c1075"
  integrity sha512-yYXe+gJ56xlZFiXwV9zVoe3FWCGuZ/D7/G4ZIlDtGxSx5CGQK110wrnT29gUj52kEZoxqF7oURTk97GQxELOFQ==

heroicons@^2.2.0:
  version "2.2.0"
  resolved "https://registry.yarnpkg.com/heroicons/-/heroicons-2.2.0.tgz#f1f554155152b4ec4d1b7165363d7c583690f77d"
  integrity sha512-yOwvztmNiBWqR946t+JdgZmyzEmnRMC2nxvHFC90bF1SUttwB6yJKYeme1JeEcBfobdOs827nCyiWBS2z/brog==
